
Microsoft Visual Studio Solution File, Format Version 12.00
# Visual Studio Version 17
VisualStudioVersion = 17.8.34302.71
MinimumVisualStudioVersion = 10.0.40219.1
Project("{9A19103F-16F7-4668-BE54-9A1E7A4F7556}") = "AdventOfCode", "AdventOfCode\AdventOfCode.csproj", "{323236A3-4E96-45C3-85D7-0E1FE530A3C7}"
EndProject
Project("{9A19103F-16F7-4668-BE54-9A1E7A4F7556}") = "UnitTests", "UnitTests\UnitTests.csproj", "{A235CBAC-88AE-4D4C-9066-19BB83FE562E}"
EndProject
Global
	GlobalSection(SolutionConfigurationPlatforms) = preSolution
		Debug|Any CPU = Debug|Any CPU
		Release|Any CPU = Release|Any CPU
	EndGlobalSection
	GlobalSection(ProjectConfigurationPlatforms) = postSolution
		{323236A3-4E96-45C3-85D7-0E1FE530A3C7}.Debug|Any CPU.ActiveCfg = Debug|Any CPU
		{323236A3-4E96-45C3-85D7-0E1FE530A3C7}.Debug|Any CPU.Build.0 = Debug|Any CPU
		{323236A3-4E96-45C3-85D7-0E1FE530A3C7}.Release|Any CPU.ActiveCfg = Release|Any CPU
		{323236A3-4E96-45C3-85D7-0E1FE530A3C7}.Release|Any CPU.Build.0 = Release|Any CPU
		{A235CBAC-88AE-4D4C-9066-19BB83FE562E}.Debug|Any CPU.ActiveCfg = Debug|Any CPU
		{A235CBAC-88AE-4D4C-9066-19BB83FE562E}.Debug|Any CPU.Build.0 = Debug|Any CPU
		{A235CBAC-88AE-4D4C-9066-19BB83FE562E}.Release|Any CPU.ActiveCfg = Release|Any CPU
		{A235CBAC-88AE-4D4C-9066-19BB83FE562E}.Release|Any CPU.Build.0 = Release|Any CPU
	EndGlobalSection
	GlobalSection(SolutionProperties) = preSolution
		HideSolutionNode = FALSE
	EndGlobalSection
	GlobalSection(ExtensibilityGlobals) = postSolution
		SolutionGuid = {DA6F5E50-3299-4C70-B2D8-7B0534D79878}
	EndGlobalSection
EndGlobal
